
Microsoft Visual Studio Solution File, Format Version 12.00
# Visual Studio 15
VisualStudioVersion = 15.0.28307.421
MinimumVisualStudioVersion = 10.0.40219.1
Project("{FAE04EC0-301F-11D3-BF4B-00C04F79EFBC}") = "StupidBot", "StupidBot\StupidBot.csproj", "{20947AAA-C7F9-4F8E-B0CB-5638EDB2527A}"
EndProject
Project("{FAE04EC0-301F-11D3-BF4B-00C04F79EFBC}") = "StupidBot_Test", "StupidBot_Test\StupidBot_Test.csproj", "{1C87D5F3-C43E-4532-9784-D7DD4ABD8EB2}"
EndProject
Global
	GlobalSection(SolutionConfigurationPlatforms) = preSolution
		Debug|Any CPU = Debug|Any CPU
		Release|Any CPU = Release|Any CPU
	EndGlobalSection
	GlobalSection(ProjectConfigurationPlatforms) = postSolution
		{20947AAA-C7F9-4F8E-B0CB-5638EDB2527A}.Debug|Any CPU.ActiveCfg = Debug|Any CPU
		{20947AAA-C7F9-4F8E-B0CB-5638EDB2527A}.Debug|Any CPU.Build.0 = Debug|Any CPU
		{20947AAA-C7F9-4F8E-B0CB-5638EDB2527A}.Release|Any CPU.ActiveCfg = Release|Any CPU
		{20947AAA-C7F9-4F8E-B0CB-5638EDB2527A}.Release|Any CPU.Build.0 = Release|Any CPU
		{1C87D5F3-C43E-4532-9784-D7DD4ABD8EB2}.Debug|Any CPU.ActiveCfg = Debug|Any CPU
		{1C87D5F3-C43E-4532-9784-D7DD4ABD8EB2}.Debug|Any CPU.Build.0 = Debug|Any CPU
		{1C87D5F3-C43E-4532-9784-D7DD4ABD8EB2}.Release|Any CPU.ActiveCfg = Release|Any CPU
		{1C87D5F3-C43E-4532-9784-D7DD4ABD8EB2}.Release|Any CPU.Build.0 = Release|Any CPU
	EndGlobalSection
	GlobalSection(SolutionProperties) = preSolution
		HideSolutionNode = FALSE
	EndGlobalSection
	GlobalSection(ExtensibilityGlobals) = postSolution
		SolutionGuid = {06527F92-8406-43C4-96E5-AFB0CD9600FA}
	EndGlobalSection
EndGlobal
